{
  "name": "sendgrid",
  "version": "1.0.0",
  "lockfileVersion": 3,
  "requires": true,
  "packages": {
    "": {
      "name": "sendgrid",
      "version": "1.0.0",
      "license": "ISC",
      "dependencies": {
        "sendgrid": "file:",
        "uuid": "3.0.1"
      }
    },
    "node_modules/sendgrid": {
      "resolved": "",
      "link": true
    },
    "node_modules/uuid": {
      "version": "3.0.1",
      "resolved": "https://registry.npmjs.org/uuid/-/uuid-3.0.1.tgz",
      "integrity": "sha512-tyhM7iisckwwmyHVFcjTzISz/R1ss/bRudNgHFYsgeu7j4JbhRvjE+Hbcpr9y5xh+b+HxeFjuToDT4i9kQNrtA==",
      "deprecated": "Please upgrade  to version 7 or higher.  Older versions may use Math.random() in certain circumstances, which is known to be problematic.  See https://v8.dev/blog/math-random for details.",
      "license": "MIT",
      "bin": {
        "uuid": "bin/uuid"
      }
    }
  }
}
